
Microsoft Visual Studio Solution File, Format Version 11.00
# Visual Web Developer Express 2010
Project("{FAE04EC0-301F-11D3-BF4B-00C04F79EFBC}") = "SilverlightHotelBrowser", "SilverlightHotelBrowser\SilverlightHotelBrowser.csproj", "{C61A05DF-5C0C-4FC0-839F-871B61CCEEC4}"
	ProjectSection(ProjectDependencies) = postProject
		{CA987E67-14DA-4C0F-970A-92EE19A0B969} = {CA987E67-14DA-4C0F-970A-92EE19A0B969}
	EndProjectSection
EndProject
Project("{FAE04EC0-301F-11D3-BF4B-00C04F79EFBC}") = "SilverlightHotelBrowser.Web", "SilverlightHotelBrowser.Web\SilverlightHotelBrowser.Web.csproj", "{CA987E67-14DA-4C0F-970A-92EE19A0B969}"
EndProject
Global
	GlobalSection(SolutionConfigurationPlatforms) = preSolution
		Debug|Any CPU = Debug|Any CPU
		Release|Any CPU = Release|Any CPU
	EndGlobalSection
	GlobalSection(ProjectConfigurationPlatforms) = postSolution
		{C61A05DF-5C0C-4FC0-839F-871B61CCEEC4}.Debug|Any CPU.ActiveCfg = Debug|Any CPU
		{C61A05DF-5C0C-4FC0-839F-871B61CCEEC4}.Debug|Any CPU.Build.0 = Debug|Any CPU
		{C61A05DF-5C0C-4FC0-839F-871B61CCEEC4}.Release|Any CPU.ActiveCfg = Release|Any CPU
		{C61A05DF-5C0C-4FC0-839F-871B61CCEEC4}.Release|Any CPU.Build.0 = Release|Any CPU
		{CA987E67-14DA-4C0F-970A-92EE19A0B969}.Debug|Any CPU.ActiveCfg = Debug|Any CPU
		{CA987E67-14DA-4C0F-970A-92EE19A0B969}.Debug|Any CPU.Build.0 = Debug|Any CPU
		{CA987E67-14DA-4C0F-970A-92EE19A0B969}.Release|Any CPU.ActiveCfg = Release|Any CPU
		{CA987E67-14DA-4C0F-970A-92EE19A0B969}.Release|Any CPU.Build.0 = Release|Any CPU
	EndGlobalSection
	GlobalSection(SolutionProperties) = preSolution
		HideSolutionNode = FALSE
	EndGlobalSection
EndGlobal
